# THIS IS AN AUTOGENERATED FILE. DO NOT EDIT THIS FILE DIRECTLY.
# yarn lockfile v1


envfile@^6.17.0:
  version "6.17.0"
  resolved "https://registry.yarnpkg.com/envfile/-/envfile-6.17.0.tgz#f3063a1811ae4ec2cbc33e8f099add3beae960f6"
  integrity sha512-RnhtVw3auDZeeh5VtaNrbE7s6Kq8BoRtGIzcbMpMsJ+wIpRgs5jiDG4gQjW+vfws5QPlizE57/fUU0Tj6Nrs8A==
